// !$*UTF8*$!
{
	archiveVersion = 1;
	classes = {
	};
	objectVersion = 56;
	objects = {

/* Begin PBXBuildFile section */
		B94E4DFD288981E400B115E3 /* HabitView.swift in Sources */ = {isa = PBXBuildFile; fileRef = B94E4DFC288981E400B115E3 /* HabitView.swift */; };
		B94E4DFF288988DF00B115E3 /* View+Ext.swift in Sources */ = {isa = PBXBuildFile; fileRef = B94E4DFE288988DF00B115E3 /* View+Ext.swift */; };
		B99CC94E287AFBE000E194AB /* YourHabsApp.swift in Sources */ = {isa = PBXBuildFile; fileRef = B99CC94D287AFBE000E194AB /* YourHabsApp.swift */; };
		B99CC950287AFBE000E194AB /* ContentView.swift in Sources */ = {isa = PBXBuildFile; fileRef = B99CC94F287AFBE000E194AB /* ContentView.swift */; };
		B99CC952287AFBE200E194AB /* Assets.xcassets in Resources */ = {isa = PBXBuildFile; fileRef = B99CC951287AFBE200E194AB /* Assets.xcassets */; };
		B99CC955287AFBE200E194AB /* Preview Assets.xcassets in Resources */ = {isa = PBXBuildFile; fileRef = B99CC954287AFBE200E194AB /* Preview Assets.xcassets */; };
		B99CC95D287AFDAB00E194AB /* ComposableArchitecture in Frameworks */ = {isa = PBXBuildFile; productRef = B99CC95C287AFDAB00E194AB /* ComposableArchitecture */; };
		B99CC95F287B043500E194AB /* Habit.swift in Sources */ = {isa = PBXBuildFile; fileRef = B99CC95E287B043500E194AB /* Habit.swift */; };
/* End PBXBuildFile section */

/* Begin PBXFileReference section */
		B94E4DFC288981E400B115E3 /* HabitView.swift */ = {isa = PBXFileReference; lastKnownFileType = sourcecode.swift; path = HabitView.swift; sourceTree = "<group>"; };
		B94E4DFE288988DF00B115E3 /* View+Ext.swift */ = {isa = PBXFileReference; lastKnownFileType = sourcecode.swift; path = "View+Ext.swift"; sourceTree = "<group>"; };
		B99CC94A287AFBE000E194AB /* YourHabs.app */ = {isa = PBXFileReference; explicitFileType = wrapper.application; includeInIndex = 0; path = YourHabs.app; sourceTree = BUILT_PRODUCTS_DIR; };
		B99CC94D287AFBE000E194AB /* YourHabsApp.swift */ = {isa = PBXFileReference; lastKnownFileType = sourcecode.swift; path = YourHabsApp.swift; sourceTree = "<group>"; };
		B99CC94F287AFBE000E194AB /* ContentView.swift */ = {isa = PBXFileReference; lastKnownFileType = sourcecode.swift; path = ContentView.swift; sourceTree = "<group>"; };
		B99CC951287AFBE200E194AB /* Assets.xcassets */ = {isa = PBXFileReference; lastKnownFileType = folder.assetcatalog; path = Assets.xcassets; sourceTree = "<group>"; };
		B99CC954287AFBE200E194AB /* Preview Assets.xcassets */ = {isa = PBXFileReference; lastKnownFileType = folder.assetcatalog; path = "Preview Assets.xcassets"; sourceTree = "<group>"; };
		B99CC95E287B043500E194AB /* Habit.swift */ = {isa = PBXFileReference; lastKnownFileType = sourcecode.swift; path = Habit.swift; sourceTree = "<group>"; };
/* End PBXFileReference section */

/* Begin PBXFrameworksBuildPhase section */
		B99CC947287AFBE000E194AB /* Frameworks */ = {
			isa = PBXFrameworksBuildPhase;
			buildActionMask = 2147483647;
			files = (
				B99CC95D287AFDAB00E194AB /* ComposableArchitecture in Frameworks */,
			);
			runOnlyForDeploymentPostprocessing = 0;
		};
/* End PBXFrameworksBuildPhase section */

/* Begin PBXGroup section */
		B99CC941287AFBE000E194AB = {
			isa = PBXGroup;
			children = (
				B99CC94C287AFBE000E194AB /* YourHabs */,
				B99CC94B287AFBE000E194AB /* Products */,
			);
			sourceTree = "<group>";
		};
		B99CC94B287AFBE000E194AB /* Products */ = {
			isa = PBXGroup;
			children = (
				B99CC94A287AFBE000E194AB /* YourHabs.app */,
			);
			name = Products;
			sourceTree = "<group>";
		};
		B99CC94C287AFBE000E194AB /* YourHabs */ = {
			isa = PBXGroup;
			children = (
				B99CC94D287AFBE000E194AB /* YourHabsApp.swift */,
				B99CC94F287AFBE000E194AB /* ContentView.swift */,
				B99CC95E287B043500E194AB /* Habit.swift */,
				B94E4DFC288981E400B115E3 /* HabitView.swift */,
				B94E4DFE288988DF00B115E3 /* View+Ext.swift */,
				B99CC951287AFBE200E194AB /* Assets.xcassets */,
				B99CC953287AFBE200E194AB /* Preview Content */,
			);
			path = YourHabs;
			sourceTree = "<group>";
		};
		B99CC953287AFBE200E194AB /* Preview Content */ = {
			isa = PBXGroup;
			children = (
				B99CC954287AFBE200E194AB /* Preview Assets.xcassets */,
			);
			path = "Preview Content";
			sourceTree = "<group>";
		};
/* End PBXGroup section */

/* Begin PBXNativeTarget section */
		B99CC949287AFBE000E194AB /* YourHabs */ = {
			isa = PBXNativeTarget;
			buildConfigurationList = B99CC958287AFBE200E194AB /* Build configuration list for PBXNativeTarget "YourHabs" */;
			buildPhases = (
				B99CC946287AFBE000E194AB /* Sources */,
				B99CC947287AFBE000E194AB /* Frameworks */,
				B99CC948287AFBE000E194AB /* Resources */,
			);
			buildRules = (
			);
			dependencies = (
			);
			name = YourHabs;
			packageProductDependencies = (
				B99CC95C287AFDAB00E194AB /* ComposableArchitecture */,
			);
			productName = YourHabs;
			productReference = B99CC94A287AFBE000E194AB /* YourHabs.app */;
			productType = "com.apple.product-type.application";
		};
/* End PBXNativeTarget section */

/* Begin PBXProject section */
		B99CC942287AFBE000E194AB /* Project object */ = {
			isa = PBXProject;
			attributes = {
				BuildIndependentTargetsInParallel = 1;
				LastSwiftUpdateCheck = 1400;
				LastUpgradeCheck = 1400;
				TargetAttributes = {
					B99CC949287AFBE000E194AB = {
						CreatedOnToolsVersion = 14.0;
					};
				};
			};
			buildConfigurationList = B99CC945287AFBE000E194AB /* Build configuration list for PBXProject "YourHabs" */;
			compatibilityVersion = "Xcode 14.0";
			developmentRegion = en;
			hasScannedForEncodings = 0;
			knownRegions = (
				en,
				Base,
			);
			mainGroup = B99CC941287AFBE000E194AB;
			packageReferences = (
				B99CC95B287AFDAB00E194AB /* XCRemoteSwiftPackageReference "swift-composable-architecture" */,
			);
			productRefGroup = B99CC94B287AFBE000E194AB /* Products */;
			projectDirPath = "";
			projectRoot = "";
			targets = (
				B99CC949287AFBE000E194AB /* YourHabs */,
			);
		};
/* End PBXProject section */

/* Begin PBXResourcesBuildPhase section */
		B99CC948287AFBE000E194AB /* Resources */ = {
			isa = PBXResourcesBuildPhase;
			buildActionMask = 2147483647;
			files = (
				B99CC955287AFBE200E194AB /* Preview Assets.xcassets in Resources */,
				B99CC952287AFBE200E194AB /* Assets.xcassets in Resources */,
			);
			runOnlyForDeploymentPostprocessing = 0;
		};
/* End PBXResourcesBuildPhase section */

/* Begin PBXSourcesBuildPhase section */
		B99CC946287AFBE000E194AB /* Sources */ = {
			isa = PBXSourcesBuildPhase;
			buildActionMask = 2147483647;
			files = (
				B99CC95F287B043500E194AB /* Habit.swift in Sources */,
				B94E4DFD288981E400B115E3 /* HabitView.swift in Sources */,
				B94E4DFF288988DF00B115E3 /* View+Ext.swift in Sources */,
				B99CC950287AFBE000E194AB /* ContentView.swift in Sources */,
				B99CC94E287AFBE000E194AB /* YourHabsApp.swift in Sources */,
			);
			runOnlyForDeploymentPostprocessing = 0;
		};
/* End PBXSourcesBuildPhase section */

/* Begin XCBuildConfiguration section */
		B99CC956287AFBE200E194AB /* Debug */ = {
			isa = XCBuildConfiguration;
			buildSettings = {
				ALWAYS_SEARCH_USER_PATHS = NO;
				CLANG_ANALYZER_NONNULL = YES;
				CLANG_ANALYZER_NUMBER_OBJECT_CONVERSION = YES_AGGRESSIVE;
				CLANG_CXX_LANGUAGE_STANDARD = "gnu++17";
				CLANG_ENABLE_MODULES = YES;
				CLANG_ENABLE_OBJC_ARC = YES;
				CLANG_ENABLE_OBJC_WEAK = YES;
				CLANG_WARN_BLOCK_CAPTURE_AUTORELEASING = YES;
				CLANG_WARN_BOOL_CONVERSION = YES;
				CLANG_WARN_COMMA = YES;
				CLANG_WARN_CONSTANT_CONVERSION = YES;
				CLANG_WARN_DEPRECATED_OBJC_IMPLEMENTATIONS = YES;
				CLANG_WARN_DIRECT_OBJC_ISA_USAGE = YES_ERROR;
				CLANG_WARN_DOCUMENTATION_COMMENTS = YES;
				CLANG_WARN_EMPTY_BODY = YES;
				CLANG_WARN_ENUM_CONVERSION = YES;
				CLANG_WARN_INFINITE_RECURSION = YES;
				CLANG_WARN_INT_CONVERSION = YES;
				CLANG_WARN_NON_LITERAL_NULL_CONVERSION = YES;
				CLANG_WARN_OBJC_IMPLICIT_RETAIN_SELF = YES;
				CLANG_WARN_OBJC_LITERAL_CONVERSION = YES;
				CLANG_WARN_OBJC_ROOT_CLASS = YES_ERROR;
				CLANG_WARN_QUOTED_INCLUDE_IN_FRAMEWORK_HEADER = YES;
				CLANG_WARN_RANGE_LOOP_ANALYSIS = YES;
				CLANG_WARN_STRICT_PROTOTYPES = YES;
				CLANG_WARN_SUSPICIOUS_MOVE = YES;
				CLANG_WARN_UNGUARDED_AVAILABILITY = YES_AGGRESSIVE;
				CLANG_WARN_UNREACHABLE_CODE = YES;
				CLANG_WARN__DUPLICATE_METHOD_MATCH = YES;
				COPY_PHASE_STRIP = NO;
				DEBUG_INFORMATION_FORMAT = dwarf;
				ENABLE_STRICT_OBJC_MSGSEND = YES;
				ENABLE_TESTABILITY = YES;
				GCC_C_LANGUAGE_STANDARD = gnu11;
				GCC_DYNAMIC_NO_PIC = NO;
				GCC_NO_COMMON_BLOCKS = YES;
				GCC_OPTIMIZATION_LEVEL = 0;
				GCC_PREPROCESSOR_DEFINITIONS = (
					"DEBUG=1",
					"$(inherited)",
				);
				GCC_WARN_64_TO_32_BIT_CONVERSION = YES;
				GCC_WARN_ABOUT_RETURN_TYPE = YES_ERROR;
				GCC_WARN_UNDECLARED_SELECTOR = YES;
				GCC_WARN_UNINITIALIZED_AUTOS = YES_AGGRESSIVE;
				GCC_WARN_UNUSED_FUNCTION = YES;
				GCC_WARN_UNUSED_VARIABLE = YES;
				IPHONEOS_DEPLOYMENT_TARGET = 16.0;
				MTL_ENABLE_DEBUG_INFO = INCLUDE_SOURCE;
				MTL_FAST_MATH = YES;
				ONLY_ACTIVE_ARCH = YES;
				SDKROOT = iphoneos;
				SWIFT_ACTIVE_COMPILATION_CONDITIONS = DEBUG;
				SWIFT_OPTIMIZATION_LEVEL = "-Onone";
			};
			name = Debug;
		};
		B99CC957287AFBE200E194AB /* Release */ = {
			isa = XCBuildConfiguration;
			buildSettings = {
				ALWAYS_SEARCH_USER_PATHS = NO;
				CLANG_ANALYZER_NONNULL = YES;
				CLANG_ANALYZER_NUMBER_OBJECT_CONVERSION = YES_AGGRESSIVE;
				CLANG_CXX_LANGUAGE_STANDARD = "gnu++17";
				CLANG_ENABLE_MODULES = YES;
				CLANG_ENABLE_OBJC_ARC = YES;
				CLANG_ENABLE_OBJC_WEAK = YES;
				CLANG_WARN_BLOCK_CAPTURE_AUTORELEASING = YES;
				CLANG_WARN_BOOL_CONVERSION = YES;
				CLANG_WARN_COMMA = YES;
				CLANG_WARN_CONSTANT_CONVERSION = YES;
				CLANG_WARN_DEPRECATED_OBJC_IMPLEMENTATIONS = YES;
				CLANG_WARN_DIRECT_OBJC_ISA_USAGE = YES_ERROR;
				CLANG_WARN_DOCUMENTATION_COMMENTS = YES;
				CLANG_WARN_EMPTY_BODY = YES;
				CLANG_WARN_ENUM_CONVERSION = YES;
				CLANG_WARN_INFINITE_RECURSION = YES;
				CLANG_WARN_INT_CONVERSION = YES;
				CLANG_WARN_NON_LITERAL_NULL_CONVERSION = YES;
				CLANG_WARN_OBJC_IMPLICIT_RETAIN_SELF = YES;
				CLANG_WARN_OBJC_LITERAL_CONVERSION = YES;
				CLANG_WARN_OBJC_ROOT_CLASS = YES_ERROR;
				CLANG_WARN_QUOTED_INCLUDE_IN_FRAMEWORK_HEADER = YES;
				CLANG_WARN_RANGE_LOOP_ANALYSIS = YES;
				CLANG_WARN_STRICT_PROTOTYPES = YES;
				CLANG_WARN_SUSPICIOUS_MOVE = YES;
				CLANG_WARN_UNGUARDED_AVAILABILITY = YES_AGGRESSIVE;
				CLANG_WARN_UNREACHABLE_CODE = YES;
				CLANG_WARN__DUPLICATE_METHOD_MATCH = YES;
				COPY_PHASE_STRIP = NO;
				DEBUG_INFORMATION_FORMAT = "dwarf-with-dsym";
				ENABLE_NS_ASSERTIONS = NO;
				ENABLE_STRICT_OBJC_MSGSEND = YES;
				GCC_C_LANGUAGE_STANDARD = gnu11;
				GCC_NO_COMMON_BLOCKS = YES;
				GCC_WARN_64_TO_32_BIT_CONVERSION = YES;
				GCC_WARN_ABOUT_RETURN_TYPE = YES_ERROR;
				GCC_WARN_UNDECLARED_SELECTOR = YES;
				GCC_WARN_UNINITIALIZED_AUTOS = YES_AGGRESSIVE;
				GCC_WARN_UNUSED_FUNCTION = YES;
				GCC_WARN_UNUSED_VARIABLE = YES;
				IPHONEOS_DEPLOYMENT_TARGET = 16.0;
				MTL_ENABLE_DEBUG_INFO = NO;
				MTL_FAST_MATH = YES;
				SDKROOT = iphoneos;
				SWIFT_COMPILATION_MODE = wholemodule;
				SWIFT_OPTIMIZATION_LEVEL = "-O";
				VALIDATE_PRODUCT = YES;
			};
			name = Release;
		};
		B99CC959287AFBE200E194AB /* Debug */ = {
			isa = XCBuildConfiguration;
			buildSettings = {
				ASSETCATALOG_COMPILER_APPICON_NAME = AppIcon;
				ASSETCATALOG_COMPILER_GLOBAL_ACCENT_COLOR_NAME = AccentColor;
				CODE_SIGN_STYLE = Automatic;
				CURRENT_PROJECT_VERSION = 1;
				DEVELOPMENT_ASSET_PATHS = "\"YourHabs/Preview Content\"";
				DEVELOPMENT_TEAM = V9453FD64D;
				ENABLE_PREVIEWS = YES;
				GENERATE_INFOPLIST_FILE = YES;
				INFOPLIST_KEY_UIApplicationSceneManifest_Generation = YES;
				INFOPLIST_KEY_UIApplicationSupportsIndirectInputEvents = YES;
				INFOPLIST_KEY_UILaunchScreen_Generation = YES;
				INFOPLIST_KEY_UISupportedInterfaceOrientations_iPad = "UIInterfaceOrientationPortrait UIInterfaceOrientationPortraitUpsideDown UIInterfaceOrientationLandscapeLeft UIInterfaceOrientationLandscapeRight";
				INFOPLIST_KEY_UISupportedInterfaceOrientations_iPhone = "UIInterfaceOrientationPortrait UIInterfaceOrientationLandscapeLeft UIInterfaceOrientationLandscapeRight";
				LD_RUNPATH_SEARCH_PATHS = (
					"$(inherited)",
					"@executable_path/Frameworks",
				);
				MARKETING_VERSION = 1.0;
				PRODUCT_BUNDLE_IDENTIFIER = com.gierljn.YourHabs;
				PRODUCT_NAME = "$(TARGET_NAME)";
				SWIFT_EMIT_LOC_STRINGS = YES;
				SWIFT_VERSION = 5.0;
				TARGETED_DEVICE_FAMILY = "1,2";
			};
			name = Debug;
		};
		B99CC95A287AFBE200E194AB /* Release */ = {
			isa = XCBuildConfiguration;
			buildSettings = {
				ASSETCATALOG_COMPILER_APPICON_NAME = AppIcon;
				ASSETCATALOG_COMPILER_GLOBAL_ACCENT_COLOR_NAME = AccentColor;
				CODE_SIGN_STYLE = Automatic;
				CURRENT_PROJECT_VERSION = 1;
				DEVELOPMENT_ASSET_PATHS = "\"YourHabs/Preview Content\"";
				DEVELOPMENT_TEAM = V9453FD64D;
				ENABLE_PREVIEWS = YES;
				GENERATE_INFOPLIST_FILE = YES;
				INFOPLIST_KEY_UIApplicationSceneManifest_Generation = YES;
				INFOPLIST_KEY_UIApplicationSupportsIndirectInputEvents = YES;
				INFOPLIST_KEY_UILaunchScreen_Generation = YES;
				INFOPLIST_KEY_UISupportedInterfaceOrientations_iPad = "UIInterfaceOrientationPortrait UIInterfaceOrientationPortraitUpsideDown UIInterfaceOrientationLandscapeLeft UIInterfaceOrientationLandscapeRight";
				INFOPLIST_KEY_UISupportedInterfaceOrientations_iPhone = "UIInterfaceOrientationPortrait UIInterfaceOrientationLandscapeLeft UIInterfaceOrientationLandscapeRight";
				LD_RUNPATH_SEARCH_PATHS = (
					"$(inherited)",
					"@executable_path/Frameworks",
				);
				MARKETING_VERSION = 1.0;
				PRODUCT_BUNDLE_IDENTIFIER = com.gierljn.YourHabs;
				PRODUCT_NAME = "$(TARGET_NAME)";
				SWIFT_EMIT_LOC_STRINGS = YES;
				SWIFT_VERSION = 5.0;
				TARGETED_DEVICE_FAMILY = "1,2";
			};
			name = Release;
		};
/* End XCBuildConfiguration section */

/* Begin XCConfigurationList section */
		B99CC945287AFBE000E194AB /* Build configuration list for PBXProject "YourHabs" */ = {
			isa = XCConfigurationList;
			buildConfigurations = (
				B99CC956287AFBE200E194AB /* Debug */,
				B99CC957287AFBE200E194AB /* Release */,
			);
			defaultConfigurationIsVisible = 0;
			defaultConfigurationName = Release;
		};
		B99CC958287AFBE200E194AB /* Build configuration list for PBXNativeTarget "YourHabs" */ = {
			isa = XCConfigurationList;
			buildConfigurations = (
				B99CC959287AFBE200E194AB /* Debug */,
				B99CC95A287AFBE200E194AB /* Release */,
			);
			defaultConfigurationIsVisible = 0;
			defaultConfigurationName = Release;
		};
/* End XCConfigurationList section */

/* Begin XCRemoteSwiftPackageReference section */
		B99CC95B287AFDAB00E194AB /* XCRemoteSwiftPackageReference "swift-composable-architecture" */ = {
			isa = XCRemoteSwiftPackageReference;
			repositoryURL = "https://github.com/pointfreeco/swift-composable-architecture";
			requirement = {
				branch = main;
				kind = branch;
			};
		};
/* End XCRemoteSwiftPackageReference section */

/* Begin XCSwiftPackageProductDependency section */
		B99CC95C287AFDAB00E194AB /* ComposableArchitecture */ = {
			isa = XCSwiftPackageProductDependency;
			package = B99CC95B287AFDAB00E194AB /* XCRemoteSwiftPackageReference "swift-composable-architecture" */;
			productName = ComposableArchitecture;
		};
/* End XCSwiftPackageProductDependency section */
	};
	rootObject = B99CC942287AFBE000E194AB /* Project object */;
}
